
Microsoft Visual Studio Solution File, Format Version 12.00
# Visual Studio Version 17
VisualStudioVersion = 17.8.34330.188
MinimumVisualStudioVersion = 10.0.40219.1
Project("{8BC9CEB8-8B4A-11D0-8D11-00A0C91BC942}") = "Project_IO_File_Printf_", "Project_IO_File_Printf_.vcxproj", "{6413731C-DE4A-4C57-A24B-A88C46D0B819}"
EndProject
Global
	GlobalSection(SolutionConfigurationPlatforms) = preSolution
		Debug|x64 = Debug|x64
		Debug|x86 = Debug|x86
		Release|x64 = Release|x64
		Release|x86 = Release|x86
	EndGlobalSection
	GlobalSection(ProjectConfigurationPlatforms) = postSolution
		{6413731C-DE4A-4C57-A24B-A88C46D0B819}.Debug|x64.ActiveCfg = Debug|x64
		{6413731C-DE4A-4C57-A24B-A88C46D0B819}.Debug|x64.Build.0 = Debug|x64
		{6413731C-DE4A-4C57-A24B-A88C46D0B819}.Debug|x86.ActiveCfg = Debug|Win32
		{6413731C-DE4A-4C57-A24B-A88C46D0B819}.Debug|x86.Build.0 = Debug|Win32
		{6413731C-DE4A-4C57-A24B-A88C46D0B819}.Release|x64.ActiveCfg = Release|x64
		{6413731C-DE4A-4C57-A24B-A88C46D0B819}.Release|x64.Build.0 = Release|x64
		{6413731C-DE4A-4C57-A24B-A88C46D0B819}.Release|x86.ActiveCfg = Release|Win32
		{6413731C-DE4A-4C57-A24B-A88C46D0B819}.Release|x86.Build.0 = Release|Win32
	EndGlobalSection
	GlobalSection(SolutionProperties) = preSolution
		HideSolutionNode = FALSE
	EndGlobalSection
	GlobalSection(ExtensibilityGlobals) = postSolution
		SolutionGuid = {22517E53-09D0-48F1-8537-E4DB7EA23EAA}
	EndGlobalSection
EndGlobal
